// !$*UTF8*$!
{
	archiveVersion = 1;
	classes = {
	};
	objectVersion = 77;
	objects = {

/* Begin PBXBuildFile section */
		0047535A21D69D283EF6C622 /* WireProtocolTests.swift in Sources */ = {isa = PBXBuildFile; fileRef = D132A891D9CE3E76CE615282 /* WireProtocolTests.swift */; };
		069FAA8B8BB512B344CA07F7 /* WebSocketServer.swift in Sources */ = {isa = PBXBuildFile; fileRef = 8B126213B277A3A9D373A955 /* WebSocketServer.swift */; };
		0C4A4EF9F868DCC60F09E1F5 /* WireProtocol.swift in Sources */ = {isa = PBXBuildFile; fileRef = B9C82D097F651E2CD092D4B9 /* WireProtocol.swift */; };
		142B6365854CA33DCF08889C /* DisplayShareCore.framework in Frameworks */ = {isa = PBXBuildFile; fileRef = E1D918B6A34E41BA47C3FD17 /* DisplayShareCore.framework */; };
		148A1C76D1F9F611D85F2A31 /* WireProtocol.swift in Sources */ = {isa = PBXBuildFile; fileRef = B9C82D097F651E2CD092D4B9 /* WireProtocol.swift */; };
		191265899BC41B51512B4D4F /* FrameQueueTests.swift in Sources */ = {isa = PBXBuildFile; fileRef = 3886DF372EA4C60956F2D2B4 /* FrameQueueTests.swift */; };
		22224DD5384AEE68C9802010 /* InputInjector.swift in Sources */ = {isa = PBXBuildFile; fileRef = 5FBE4E3EAB2C7F2A84C4B078 /* InputInjector.swift */; };
		25F94343E08722F233CC3FDC /* main.swift in Sources */ = {isa = PBXBuildFile; fileRef = 1BBFA61E802ABC429B866EB8 /* main.swift */; };
		319CB72032344F40A050098B /* InputEvent.swift in Sources */ = {isa = PBXBuildFile; fileRef = 01FC9353BC5C70318B47606A /* InputEvent.swift */; };
		342105D72755EF7378622B66 /* RelativePointerTests.swift in Sources */ = {isa = PBXBuildFile; fileRef = BE9763DE1482C60A08A53E95 /* RelativePointerTests.swift */; };
		353310699F054EBAAE28F19F /* KeyMapTests.swift in Sources */ = {isa = PBXBuildFile; fileRef = 8CBAE10615034BAE9FA53ED7 /* KeyMapTests.swift */; };
		43CB1BEE6705C4EE3E07615C /* AdaptiveBitrateTests.swift in Sources */ = {isa = PBXBuildFile; fileRef = 0B52366BFE730B3C343AC8B0 /* AdaptiveBitrateTests.swift */; };
		4452539B527C7C5CF2BD3B4F /* DisplayShareCore.framework in Embed Frameworks */ = {isa = PBXBuildFile; fileRef = E1D918B6A34E41BA47C3FD17 /* DisplayShareCore.framework */; settings = {ATTRIBUTES = (CodeSignOnCopy, RemoveHeadersOnCopy, ); }; };
		538D6BCFCF9A2FCD29027A70 /* KeyMap.swift in Sources */ = {isa = PBXBuildFile; fileRef = CFFCD764FE6F912C36764995 /* KeyMap.swift */; };
		55FA87C1D1ADD287BFDCA655 /* StreamPipeline.swift in Sources */ = {isa = PBXBuildFile; fileRef = 82A22D3E32B880B7AF932726 /* StreamPipeline.swift */; };
		56969C6631C6A54308D8E9F0 /* JPEGEncoder.swift in Sources */ = {isa = PBXBuildFile; fileRef = 1C694E3373103F733BE3CB8C /* JPEGEncoder.swift */; };
		58225362C3D56AD46027DBB6 /* PermissionMonitor.swift in Sources */ = {isa = PBXBuildFile; fileRef = 92D3A3A9C57BF0D344ABB90E /* PermissionMonitor.swift */; };
		595404DCE6EA66ED667D0235 /* DisplayShareCore.framework in Frameworks */ = {isa = PBXBuildFile; fileRef = E1D918B6A34E41BA47C3FD17 /* DisplayShareCore.framework */; };
		5DC2EAF03A230AB3D347B690 /* H264Encoder.swift in Sources */ = {isa = PBXBuildFile; fileRef = 0DF270C9CEBD2FAC96C68F47 /* H264Encoder.swift */; };
		65A1F628B5ECC64A36C7CC02 /* main.swift in Sources */ = {isa = PBXBuildFile; fileRef = AC488CEB9617F6DD850B63E1 /* main.swift */; };
		67012DB12D2BD95FE3C87EEE /* InputEvents.swift in Sources */ = {isa = PBXBuildFile; fileRef = E73BA65C147F0759185CF603 /* InputEvents.swift */; };
		67ACE413F33E8A4FD236FA66 /* vd_helper in Embed Dependencies */ = {isa = PBXBuildFile; fileRef = D64520181389425E0876F924 /* vd_helper */; settings = {ATTRIBUTES = (RemoveHeadersOnCopy, ); }; };
		72AE37F09E9422CA303C32F8 /* AdaptiveBitrate.swift in Sources */ = {isa = PBXBuildFile; fileRef = 8A807FA4085741AD0E902444 /* AdaptiveBitrate.swift */; };
		7F45C79AE031ECE5BACBE5A3 /* UpdateCheckerTests.swift in Sources */ = {isa = PBXBuildFile; fileRef = 5D2C6E5977F3295D00E6C349 /* UpdateCheckerTests.swift */; };
		800CF1428F4191B0863D5BBE /* CaptureSession.swift in Sources */ = {isa = PBXBuildFile; fileRef = AE8F91DFAC29AB5561E417DF /* CaptureSession.swift */; };
		815F1C5BBB65A0FE36CEFCAE /* AnimatedContent.swift in Sources */ = {isa = PBXBuildFile; fileRef = CF41A3F2EB5FE22E41BCF294 /* AnimatedContent.swift */; };
		8D7CA8D233CA38DDEA5EFCC2 /* LineSocket.swift in Sources */ = {isa = PBXBuildFile; fileRef = 4FD219E38307861BED3C1FA9 /* LineSocket.swift */; };
		941013BA6101FDE4B6506AEF /* CoreVideo.framework in Frameworks */ = {isa = PBXBuildFile; fileRef = C13B96E4B22FF0CF33F72A36 /* CoreVideo.framework */; };
		95185D1328225EF9757D7BE7 /* ViewerPages.swift in Sources */ = {isa = PBXBuildFile; fileRef = 247CC15C9EC9CE071ACC6D50 /* ViewerPages.swift */; };
		98FB5B2C8C2D6B48C8040358 /* VideoToolbox.framework in Frameworks */ = {isa = PBXBuildFile; fileRef = E1E0A1018FC2A639B0ED6B20 /* VideoToolbox.framework */; };
		9D263B2576CE3F45D75588E8 /* InputEvent.swift in Sources */ = {isa = PBXBuildFile; fileRef = 01FC9353BC5C70318B47606A /* InputEvent.swift */; };
		A3AFDFBB04ADE15D67477635 /* DisplayShareController.swift in Sources */ = {isa = PBXBuildFile; fileRef = 993F6B512F2560DD3EB1D7F6 /* DisplayShareController.swift */; };
		A63B4456A924AE3FD0FFD8FD /* HelperProtocol.swift in Sources */ = {isa = PBXBuildFile; fileRef = 4CB2164BA0D66DD6A5C6FEC3 /* HelperProtocol.swift */; };
		B572CE2EEDF309AE3ED91702 /* PairingStore.swift in Sources */ = {isa = PBXBuildFile; fileRef = 6012B810C82DD746CEF5E434 /* PairingStore.swift */; };
		B7C74BED60A4DA94CAE03606 /* LineSocket.swift in Sources */ = {isa = PBXBuildFile; fileRef = 4FD219E38307861BED3C1FA9 /* LineSocket.swift */; };
		C0DFBAE215C36C3B6887B58C /* DisplayShareCore.framework in Frameworks */ = {isa = PBXBuildFile; fileRef = E1D918B6A34E41BA47C3FD17 /* DisplayShareCore.framework */; };
		C886076BB57BF783619BB16E /* PairingStoreTests.swift in Sources */ = {isa = PBXBuildFile; fileRef = EB3A01A0709A50A2B3716B43 /* PairingStoreTests.swift */; };
		CAF66FCCE6BC065D2CE09C3E /* CoreMedia.framework in Frameworks */ = {isa = PBXBuildFile; fileRef = 55BD527AC059AAE5E481689F /* CoreMedia.framework */; };
		CDACB64B7233D6266B4B951E /* MJPEGServer.swift in Sources */ = {isa = PBXBuildFile; fileRef = 81B700690CE5606F8012DD22 /* MJPEGServer.swift */; };
		D6BDCE176CAE22CDD7D51CF2 /* VirtualDisplayHost.swift in Sources */ = {isa = PBXBuildFile; fileRef = B6E92B970215E62CE3040820 /* VirtualDisplayHost.swift */; };
		DD962C55C3C38AC2A9AF55A1 /* H264Dump.swift in Sources */ = {isa = PBXBuildFile; fileRef = DF94B2E6662744A3FC80AFC4 /* H264Dump.swift */; };
		DF0C3D4E25ABBD661C7130B5 /* CGVirtualDisplayPrivate.m in Sources */ = {isa = PBXBuildFile; fileRef = 82E2BAD6CF8267A0DD0F0F67 /* CGVirtualDisplayPrivate.m */; };
		E01AE605E5EFA57FF0029F2A /* OnboardingView.swift in Sources */ = {isa = PBXBuildFile; fileRef = AB42E005288A909A6EEFD2C9 /* OnboardingView.swift */; };
		E88DB9F175455A43FCCBE0E7 /* DisplayShareCore.framework in Embed Frameworks */ = {isa = PBXBuildFile; fileRef = E1D918B6A34E41BA47C3FD17 /* DisplayShareCore.framework */; settings = {ATTRIBUTES = (CodeSignOnCopy, RemoveHeadersOnCopy, ); }; };
		EDAC79FEC1964E3EE9D71C30 /* HelperProtocol.swift in Sources */ = {isa = PBXBuildFile; fileRef = 4CB2164BA0D66DD6A5C6FEC3 /* HelperProtocol.swift */; };
		EE75D37ED12C44BCA9D6E7BD /* FrameQueue.swift in Sources */ = {isa = PBXBuildFile; fileRef = 4F933202A0E898EE0C7DAB3B /* FrameQueue.swift */; };
		F0B4E39F1D44621B65EDBBAF /* HelperClient.swift in Sources */ = {isa = PBXBuildFile; fileRef = AE2DF7EF0E34E39BE7729A45 /* HelperClient.swift */; };
		F1CA765F00D2BAF74D87543F /* SessionSupervisor.swift in Sources */ = {isa = PBXBuildFile; fileRef = 913024711DF4B033F3E182DC /* SessionSupervisor.swift */; };
		F4793C68F0B993918D1D9F34 /* UpdateChecker.swift in Sources */ = {isa = PBXBuildFile; fileRef = F22DC2A60EA7211AAD8FC586 /* UpdateChecker.swift */; };
		F58C439493D5ED9A2B0771B3 /* CoreGraphics.framework in Frameworks */ = {isa = PBXBuildFile; fileRef = EEA480BEBCC3EB1D9C70FDB1 /* CoreGraphics.framework */; };
		F5E55BA170C9E187C6300174 /* DisplayShareApp.swift in Sources */ = {isa = PBXBuildFile; fileRef = A580E564AF44EAC7E2582D12 /* DisplayShareApp.swift */; };
		F7DD5E0BFFA814811DAC0215 /* ScreenCaptureKit.framework in Frameworks */ = {isa = PBXBuildFile; fileRef = D3007FC6F7B9B124A3FC3DE0 /* ScreenCaptureKit.framework */; };
/* End PBXBuildFile section */

/* Begin PBXContainerItemProxy section */
		23FC0AEA18DF0F30BB3BA38A /* PBXContainerItemProxy */ = {
			isa = PBXContainerItemProxy;
			containerPortal = 240CDAE9FB1D2815EBBF2BC7 /* Project object */;
			proxyType = 1;
			remoteGlobalIDString = 6CEB66452E137FABF849A584;
			remoteInfo = DisplayShareCore;
		};
		6681B2B7838B3BD2113C05E5 /* PBXContainerItemProxy */ = {
			isa = PBXContainerItemProxy;
			containerPortal = 240CDAE9FB1D2815EBBF2BC7 /* Project object */;
			proxyType = 1;
			remoteGlobalIDString = 493F0795C8C3A9373F097CA9;
			remoteInfo = vd_helper;
		};
		92A26E8921F5930061455F92 /* PBXContainerItemProxy */ = {
			isa = PBXContainerItemProxy;
			containerPortal = 240CDAE9FB1D2815EBBF2BC7 /* Project object */;
			proxyType = 1;
			remoteGlobalIDString = 6CEB66452E137FABF849A584;
			remoteInfo = DisplayShareCore;
		};
		CCBF5DFEE23918E9F828761B /* PBXContainerItemProxy */ = {
			isa = PBXContainerItemProxy;
			containerPortal = 240CDAE9FB1D2815EBBF2BC7 /* Project object */;
			proxyType = 1;
			remoteGlobalIDString = 6CEB66452E137FABF849A584;
			remoteInfo = DisplayShareCore;
		};
/* End PBXContainerItemProxy section */

/* Begin PBXCopyFilesBuildPhase section */
		220D6942626A0ABCE48EFBB7 /* Embed Frameworks */ = {
			isa = PBXCopyFilesBuildPhase;
			buildActionMask = 2147483647;
			dstPath = "";
			dstSubfolderSpec = 10;
			files = (
				E88DB9F175455A43FCCBE0E7 /* DisplayShareCore.framework in Embed Frameworks */,
			);
			name = "Embed Frameworks";
			runOnlyForDeploymentPostprocessing = 0;
		};
		5F321B7505A8817435FF4CBD /* Embed Frameworks */ = {
			isa = PBXCopyFilesBuildPhase;
			buildActionMask = 2147483647;
			dstPath = "";
			dstSubfolderSpec = 10;
			files = (
				4452539B527C7C5CF2BD3B4F /* DisplayShareCore.framework in Embed Frameworks */,
			);
			name = "Embed Frameworks";
			runOnlyForDeploymentPostprocessing = 0;
		};
		ED46D3E4BA9C2D1EE288A830 /* Embed Dependencies */ = {
			isa = PBXCopyFilesBuildPhase;
			buildActionMask = 2147483647;
			dstPath = "";
			dstSubfolderSpec = 6;
			files = (
				67ACE413F33E8A4FD236FA66 /* vd_helper in Embed Dependencies */,
			);
			name = "Embed Dependencies";
			runOnlyForDeploymentPostprocessing = 0;
		};
/* End PBXCopyFilesBuildPhase section */

/* Begin PBXFileReference section */
		01FC9353BC5C70318B47606A /* InputEvent.swift */ = {isa = PBXFileReference; lastKnownFileType = sourcecode.swift; path = InputEvent.swift; sourceTree = "<group>"; };
		0B52366BFE730B3C343AC8B0 /* AdaptiveBitrateTests.swift */ = {isa = PBXFileReference; lastKnownFileType = sourcecode.swift; path = AdaptiveBitrateTests.swift; sourceTree = "<group>"; };
		0DF270C9CEBD2FAC96C68F47 /* H264Encoder.swift */ = {isa = PBXFileReference; lastKnownFileType = sourcecode.swift; path = H264Encoder.swift; sourceTree = "<group>"; };
		1BBFA61E802ABC429B866EB8 /* main.swift */ = {isa = PBXFileReference; lastKnownFileType = sourcecode.swift; path = main.swift; sourceTree = "<group>"; };
		1C694E3373103F733BE3CB8C /* JPEGEncoder.swift */ = {isa = PBXFileReference; lastKnownFileType = sourcecode.swift; path = JPEGEncoder.swift; sourceTree = "<group>"; };
		247CC15C9EC9CE071ACC6D50 /* ViewerPages.swift */ = {isa = PBXFileReference; lastKnownFileType = sourcecode.swift; path = ViewerPages.swift; sourceTree = "<group>"; };
		3886DF372EA4C60956F2D2B4 /* FrameQueueTests.swift */ = {isa = PBXFileReference; lastKnownFileType = sourcecode.swift; path = FrameQueueTests.swift; sourceTree = "<group>"; };
		4CB2164BA0D66DD6A5C6FEC3 /* HelperProtocol.swift */ = {isa = PBXFileReference; lastKnownFileType = sourcecode.swift; path = HelperProtocol.swift; sourceTree = "<group>"; };
		4F933202A0E898EE0C7DAB3B /* FrameQueue.swift */ = {isa = PBXFileReference; lastKnownFileType = sourcecode.swift; path = FrameQueue.swift; sourceTree = "<group>"; };
		4FD219E38307861BED3C1FA9 /* LineSocket.swift */ = {isa = PBXFileReference; lastKnownFileType = sourcecode.swift; path = LineSocket.swift; sourceTree = "<group>"; };
		55BD527AC059AAE5E481689F /* CoreMedia.framework */ = {isa = PBXFileReference; lastKnownFileType = wrapper.framework; name = CoreMedia.framework; path = System/Library/Frameworks/CoreMedia.framework; sourceTree = SDKROOT; };
		5D2C6E5977F3295D00E6C349 /* UpdateCheckerTests.swift */ = {isa = PBXFileReference; lastKnownFileType = sourcecode.swift; path = UpdateCheckerTests.swift; sourceTree = "<group>"; };
		5FBE4E3EAB2C7F2A84C4B078 /* InputInjector.swift */ = {isa = PBXFileReference; lastKnownFileType = sourcecode.swift; path = InputInjector.swift; sourceTree = "<group>"; };
		6012B810C82DD746CEF5E434 /* PairingStore.swift */ = {isa = PBXFileReference; lastKnownFileType = sourcecode.swift; path = PairingStore.swift; sourceTree = "<group>"; };
		7385E0FD36B36F44BC1850D8 /* CGVirtualDisplayPrivate.h */ = {isa = PBXFileReference; lastKnownFileType = sourcecode.c.h; path = CGVirtualDisplayPrivate.h; sourceTree = "<group>"; };
		81B700690CE5606F8012DD22 /* MJPEGServer.swift */ = {isa = PBXFileReference; lastKnownFileType = sourcecode.swift; path = MJPEGServer.swift; sourceTree = "<group>"; };
		82A22D3E32B880B7AF932726 /* StreamPipeline.swift */ = {isa = PBXFileReference; lastKnownFileType = sourcecode.swift; path = StreamPipeline.swift; sourceTree = "<group>"; };
		82E2BAD6CF8267A0DD0F0F67 /* CGVirtualDisplayPrivate.m */ = {isa = PBXFileReference; lastKnownFileType = sourcecode.c.objc; path = CGVirtualDisplayPrivate.m; sourceTree = "<group>"; };
		8A807FA4085741AD0E902444 /* AdaptiveBitrate.swift */ = {isa = PBXFileReference; lastKnownFileType = sourcecode.swift; path = AdaptiveBitrate.swift; sourceTree = "<group>"; };
		8B126213B277A3A9D373A955 /* WebSocketServer.swift */ = {isa = PBXFileReference; lastKnownFileType = sourcecode.swift; path = WebSocketServer.swift; sourceTree = "<group>"; };
		8CBAE10615034BAE9FA53ED7 /* KeyMapTests.swift */ = {isa = PBXFileReference; lastKnownFileType = sourcecode.swift; path = KeyMapTests.swift; sourceTree = "<group>"; };
		8CD353C47D811B1D13A77AD0 /* DisplayShare.entitlements */ = {isa = PBXFileReference; lastKnownFileType = text.plist.entitlements; path = DisplayShare.entitlements; sourceTree = "<group>"; };
		913024711DF4B033F3E182DC /* SessionSupervisor.swift */ = {isa = PBXFileReference; lastKnownFileType = sourcecode.swift; path = SessionSupervisor.swift; sourceTree = "<group>"; };
		92D3A3A9C57BF0D344ABB90E /* PermissionMonitor.swift */ = {isa = PBXFileReference; lastKnownFileType = sourcecode.swift; path = PermissionMonitor.swift; sourceTree = "<group>"; };
		993F6B512F2560DD3EB1D7F6 /* DisplayShareController.swift */ = {isa = PBXFileReference; lastKnownFileType = sourcecode.swift; path = DisplayShareController.swift; sourceTree = "<group>"; };
		A580E564AF44EAC7E2582D12 /* DisplayShareApp.swift */ = {isa = PBXFileReference; lastKnownFileType = sourcecode.swift; path = DisplayShareApp.swift; sourceTree = "<group>"; };
		AB42E005288A909A6EEFD2C9 /* OnboardingView.swift */ = {isa = PBXFileReference; lastKnownFileType = sourcecode.swift; path = OnboardingView.swift; sourceTree = "<group>"; };
		AC488CEB9617F6DD850B63E1 /* main.swift */ = {isa = PBXFileReference; lastKnownFileType = sourcecode.swift; path = main.swift; sourceTree = "<group>"; };
		AE2DF7EF0E34E39BE7729A45 /* HelperClient.swift */ = {isa = PBXFileReference; lastKnownFileType = sourcecode.swift; path = HelperClient.swift; sourceTree = "<group>"; };
		AE8F91DFAC29AB5561E417DF /* CaptureSession.swift */ = {isa = PBXFileReference; lastKnownFileType = sourcecode.swift; path = CaptureSession.swift; sourceTree = "<group>"; };
		B6E92B970215E62CE3040820 /* VirtualDisplayHost.swift */ = {isa = PBXFileReference; lastKnownFileType = sourcecode.swift; path = VirtualDisplayHost.swift; sourceTree = "<group>"; };
		B9C82D097F651E2CD092D4B9 /* WireProtocol.swift */ = {isa = PBXFileReference; lastKnownFileType = sourcecode.swift; path = WireProtocol.swift; sourceTree = "<group>"; };
		BE9763DE1482C60A08A53E95 /* RelativePointerTests.swift */ = {isa = PBXFileReference; lastKnownFileType = sourcecode.swift; path = RelativePointerTests.swift; sourceTree = "<group>"; };
		C13B96E4B22FF0CF33F72A36 /* CoreVideo.framework */ = {isa = PBXFileReference; lastKnownFileType = wrapper.framework; name = CoreVideo.framework; path = System/Library/Frameworks/CoreVideo.framework; sourceTree = SDKROOT; };
		CF41A3F2EB5FE22E41BCF294 /* AnimatedContent.swift */ = {isa = PBXFileReference; lastKnownFileType = sourcecode.swift; path = AnimatedContent.swift; sourceTree = "<group>"; };
		CFFCD764FE6F912C36764995 /* KeyMap.swift */ = {isa = PBXFileReference; lastKnownFileType = sourcecode.swift; path = KeyMap.swift; sourceTree = "<group>"; };
		D00D23447A81B9127D65D8BC /* Info.plist */ = {isa = PBXFileReference; lastKnownFileType = text.plist; path = Info.plist; sourceTree = "<group>"; };
		D132A891D9CE3E76CE615282 /* WireProtocolTests.swift */ = {isa = PBXFileReference; lastKnownFileType = sourcecode.swift; path = WireProtocolTests.swift; sourceTree = "<group>"; };
		D3007FC6F7B9B124A3FC3DE0 /* ScreenCaptureKit.framework */ = {isa = PBXFileReference; lastKnownFileType = wrapper.framework; name = ScreenCaptureKit.framework; path = System/Library/Frameworks/ScreenCaptureKit.framework; sourceTree = SDKROOT; };
		D4627F903798A6CE826ABA73 /* dsprobe */ = {isa = PBXFileReference; includeInIndex = 0; path = dsprobe; sourceTree = BUILT_PRODUCTS_DIR; };
		D64520181389425E0876F924 /* vd_helper */ = {isa = PBXFileReference; includeInIndex = 0; path = vd_helper; sourceTree = BUILT_PRODUCTS_DIR; };
		DEC5AFB83A441384144E2DFA /* DisplayShareCoreTests.xctest */ = {isa = PBXFileReference; explicitFileType = wrapper.cfbundle; includeInIndex = 0; path = DisplayShareCoreTests.xctest; sourceTree = BUILT_PRODUCTS_DIR; };
		DF94B2E6662744A3FC80AFC4 /* H264Dump.swift */ = {isa = PBXFileReference; lastKnownFileType = sourcecode.swift; path = H264Dump.swift; sourceTree = "<group>"; };
		E1D918B6A34E41BA47C3FD17 /* DisplayShareCore.framework */ = {isa = PBXFileReference; explicitFileType = wrapper.framework; includeInIndex = 0; path = DisplayShareCore.framework; sourceTree = BUILT_PRODUCTS_DIR; };
		E1E0A1018FC2A639B0ED6B20 /* VideoToolbox.framework */ = {isa = PBXFileReference; lastKnownFileType = wrapper.framework; name = VideoToolbox.framework; path = System/Library/Frameworks/VideoToolbox.framework; sourceTree = SDKROOT; };
		E3F83080C1F57F9924D89B3C /* module.modulemap */ = {isa = PBXFileReference; lastKnownFileType = "sourcecode.module-map"; path = module.modulemap; sourceTree = "<group>"; };
		E73BA65C147F0759185CF603 /* InputEvents.swift */ = {isa = PBXFileReference; lastKnownFileType = sourcecode.swift; path = InputEvents.swift; sourceTree = "<group>"; };
		EB3A01A0709A50A2B3716B43 /* PairingStoreTests.swift */ = {isa = PBXFileReference; lastKnownFileType = sourcecode.swift; path = PairingStoreTests.swift; sourceTree = "<group>"; };
		EEA480BEBCC3EB1D9C70FDB1 /* CoreGraphics.framework */ = {isa = PBXFileReference; lastKnownFileType = wrapper.framework; name = CoreGraphics.framework; path = System/Library/Frameworks/CoreGraphics.framework; sourceTree = SDKROOT; };
		F22DC2A60EA7211AAD8FC586 /* UpdateChecker.swift */ = {isa = PBXFileReference; lastKnownFileType = sourcecode.swift; path = UpdateChecker.swift; sourceTree = "<group>"; };
		FA1B0B69621DBEF69E22243A /* DisplayShare.app */ = {isa = PBXFileReference; explicitFileType = wrapper.application; includeInIndex = 0; path = DisplayShare.app; sourceTree = BUILT_PRODUCTS_DIR; };
/* End PBXFileReference section */

/* Begin PBXFrameworksBuildPhase section */
		3ACBC9FED9DABA84C6F763F3 /* Frameworks */ = {
			isa = PBXFrameworksBuildPhase;
			buildActionMask = 2147483647;
			files = (
				595404DCE6EA66ED667D0235 /* DisplayShareCore.framework in Frameworks */,
			);
			runOnlyForDeploymentPostprocessing = 0;
		};
		6824B43BBDE63BA47C0B2306 /* Frameworks */ = {
			isa = PBXFrameworksBuildPhase;
			buildActionMask = 2147483647;
			files = (
				142B6365854CA33DCF08889C /* DisplayShareCore.framework in Frameworks */,
			);
			runOnlyForDeploymentPostprocessing = 0;
		};
		7FBC888652CB274E3AA5DEE8 /* Frameworks */ = {
			isa = PBXFrameworksBuildPhase;
			buildActionMask = 2147483647;
			files = (
				F58C439493D5ED9A2B0771B3 /* CoreGraphics.framework in Frameworks */,
			);
			runOnlyForDeploymentPostprocessing = 0;
		};
		D43C1F61C8F9EA92150AAB12 /* Frameworks */ = {
			isa = PBXFrameworksBuildPhase;
			buildActionMask = 2147483647;
			files = (
				F7DD5E0BFFA814811DAC0215 /* ScreenCaptureKit.framework in Frameworks */,
				CAF66FCCE6BC065D2CE09C3E /* CoreMedia.framework in Frameworks */,
				941013BA6101FDE4B6506AEF /* CoreVideo.framework in Frameworks */,
				98FB5B2C8C2D6B48C8040358 /* VideoToolbox.framework in Frameworks */,
			);
			runOnlyForDeploymentPostprocessing = 0;
		};
		E43265F5B1B4BAC7FE144D24 /* Frameworks */ = {
			isa = PBXFrameworksBuildPhase;
			buildActionMask = 2147483647;
			files = (
				C0DFBAE215C36C3B6887B58C /* DisplayShareCore.framework in Frameworks */,
			);
			runOnlyForDeploymentPostprocessing = 0;
		};
/* End PBXFrameworksBuildPhase section */

/* Begin PBXGroup section */
		0751CF8F66D92A193A42AEE9 /* Products */ = {
			isa = PBXGroup;
			children = (
				FA1B0B69621DBEF69E22243A /* DisplayShare.app */,
				E1D918B6A34E41BA47C3FD17 /* DisplayShareCore.framework */,
				DEC5AFB83A441384144E2DFA /* DisplayShareCoreTests.xctest */,
				D4627F903798A6CE826ABA73 /* dsprobe */,
				D64520181389425E0876F924 /* vd_helper */,
			);
			name = Products;
			sourceTree = "<group>";
		};
		0EB31CA3991E4D37C91F7AC9 /* vd_helper */ = {
			isa = PBXGroup;
			children = (
				AC488CEB9617F6DD850B63E1 /* main.swift */,
				B6E92B970215E62CE3040820 /* VirtualDisplayHost.swift */,
			);
			path = vd_helper;
			sourceTree = "<group>";
		};
		1C61B13C2299DEFDD13A2512 /* DisplayShareCoreTests */ = {
			isa = PBXGroup;
			children = (
				0B52366BFE730B3C343AC8B0 /* AdaptiveBitrateTests.swift */,
				3886DF372EA4C60956F2D2B4 /* FrameQueueTests.swift */,
				8CBAE10615034BAE9FA53ED7 /* KeyMapTests.swift */,
				EB3A01A0709A50A2B3716B43 /* PairingStoreTests.swift */,
				BE9763DE1482C60A08A53E95 /* RelativePointerTests.swift */,
				5D2C6E5977F3295D00E6C349 /* UpdateCheckerTests.swift */,
				D132A891D9CE3E76CE615282 /* WireProtocolTests.swift */,
			);
			path = DisplayShareCoreTests;
			sourceTree = "<group>";
		};
		1D92322A4EE1B12FDECEB864 /* CGVirtualDisplayPrivate */ = {
			isa = PBXGroup;
			children = (
				82E2BAD6CF8267A0DD0F0F67 /* CGVirtualDisplayPrivate.m */,
				EDFBFA965D56567285E3F765 /* include */,
			);
			path = CGVirtualDisplayPrivate;
			sourceTree = "<group>";
		};
		52363FDC5E1B7667E4A1F719 /* dsprobe */ = {
			isa = PBXGroup;
			children = (
				CF41A3F2EB5FE22E41BCF294 /* AnimatedContent.swift */,
				DF94B2E6662744A3FC80AFC4 /* H264Dump.swift */,
				1BBFA61E802ABC429B866EB8 /* main.swift */,
			);
			path = dsprobe;
			sourceTree = "<group>";
		};
		72DC0F3675ECF4A8329202AA /* Resources */ = {
			isa = PBXGroup;
			children = (
			);
			path = Resources;
			sourceTree = "<group>";
		};
		75FE5B4461AB463DBA43D0D6 /* DisplayShare */ = {
			isa = PBXGroup;
			children = (
				8CD353C47D811B1D13A77AD0 /* DisplayShare.entitlements */,
				A580E564AF44EAC7E2582D12 /* DisplayShareApp.swift */,
				D00D23447A81B9127D65D8BC /* Info.plist */,
				AB42E005288A909A6EEFD2C9 /* OnboardingView.swift */,
				72DC0F3675ECF4A8329202AA /* Resources */,
			);
			path = DisplayShare;
			sourceTree = "<group>";
		};
		8F6DA1E3C7924A24D3ED2CDC = {
			isa = PBXGroup;
			children = (
				1D92322A4EE1B12FDECEB864 /* CGVirtualDisplayPrivate */,
				75FE5B4461AB463DBA43D0D6 /* DisplayShare */,
				EE590DB48D22D7526B8B60EF /* DisplayShareCore */,
				1C61B13C2299DEFDD13A2512 /* DisplayShareCoreTests */,
				52363FDC5E1B7667E4A1F719 /* dsprobe */,
				AA5A689B96C8796EF6BC9C9D /* Shared */,
				0EB31CA3991E4D37C91F7AC9 /* vd_helper */,
				BD2C71EBEA6973861B25F04A /* Frameworks */,
				0751CF8F66D92A193A42AEE9 /* Products */,
			);
			sourceTree = "<group>";
		};
		AA5A689B96C8796EF6BC9C9D /* Shared */ = {
			isa = PBXGroup;
			children = (
				4CB2164BA0D66DD6A5C6FEC3 /* HelperProtocol.swift */,
				01FC9353BC5C70318B47606A /* InputEvent.swift */,
				4FD219E38307861BED3C1FA9 /* LineSocket.swift */,
				B9C82D097F651E2CD092D4B9 /* WireProtocol.swift */,
			);
			path = Shared;
			sourceTree = "<group>";
		};
		BD2C71EBEA6973861B25F04A /* Frameworks */ = {
			isa = PBXGroup;
			children = (
				EEA480BEBCC3EB1D9C70FDB1 /* CoreGraphics.framework */,
				55BD527AC059AAE5E481689F /* CoreMedia.framework */,
				C13B96E4B22FF0CF33F72A36 /* CoreVideo.framework */,
				D3007FC6F7B9B124A3FC3DE0 /* ScreenCaptureKit.framework */,
				E1E0A1018FC2A639B0ED6B20 /* VideoToolbox.framework */,
			);
			name = Frameworks;
			sourceTree = "<group>";
		};
		EDFBFA965D56567285E3F765 /* include */ = {
			isa = PBXGroup;
			children = (
				7385E0FD36B36F44BC1850D8 /* CGVirtualDisplayPrivate.h */,
				E3F83080C1F57F9924D89B3C /* module.modulemap */,
			);
			path = include;
			sourceTree = "<group>";
		};
		EE590DB48D22D7526B8B60EF /* DisplayShareCore */ = {
			isa = PBXGroup;
			children = (
				8A807FA4085741AD0E902444 /* AdaptiveBitrate.swift */,
				AE8F91DFAC29AB5561E417DF /* CaptureSession.swift */,
				993F6B512F2560DD3EB1D7F6 /* DisplayShareController.swift */,
				4F933202A0E898EE0C7DAB3B /* FrameQueue.swift */,
				0DF270C9CEBD2FAC96C68F47 /* H264Encoder.swift */,
				AE2DF7EF0E34E39BE7729A45 /* HelperClient.swift */,
				E73BA65C147F0759185CF603 /* InputEvents.swift */,
				5FBE4E3EAB2C7F2A84C4B078 /* InputInjector.swift */,
				1C694E3373103F733BE3CB8C /* JPEGEncoder.swift */,
				CFFCD764FE6F912C36764995 /* KeyMap.swift */,
				81B700690CE5606F8012DD22 /* MJPEGServer.swift */,
				6012B810C82DD746CEF5E434 /* PairingStore.swift */,
				92D3A3A9C57BF0D344ABB90E /* PermissionMonitor.swift */,
				913024711DF4B033F3E182DC /* SessionSupervisor.swift */,
				82A22D3E32B880B7AF932726 /* StreamPipeline.swift */,
				F22DC2A60EA7211AAD8FC586 /* UpdateChecker.swift */,
				247CC15C9EC9CE071ACC6D50 /* ViewerPages.swift */,
				8B126213B277A3A9D373A955 /* WebSocketServer.swift */,
			);
			path = DisplayShareCore;
			sourceTree = "<group>";
		};
/* End PBXGroup section */

/* Begin PBXNativeTarget section */
		493F0795C8C3A9373F097CA9 /* vd_helper */ = {
			isa = PBXNativeTarget;
			buildConfigurationList = 8317445BAC4BF5FC8DB16A08 /* Build configuration list for PBXNativeTarget "vd_helper" */;
			buildPhases = (
				F01B8BF8785167948500B1E0 /* Sources */,
				7FBC888652CB274E3AA5DEE8 /* Frameworks */,
			);
			buildRules = (
			);
			dependencies = (
			);
			name = vd_helper;
			packageProductDependencies = (
			);
			productName = vd_helper;
			productReference = D64520181389425E0876F924 /* vd_helper */;
			productType = "com.apple.product-type.tool";
		};
		6CEB66452E137FABF849A584 /* DisplayShareCore */ = {
			isa = PBXNativeTarget;
			buildConfigurationList = AA0447A1519E222F5B1D467D /* Build configuration list for PBXNativeTarget "DisplayShareCore" */;
			buildPhases = (
				69063CC4AAC73F997BA08329 /* Sources */,
				D43C1F61C8F9EA92150AAB12 /* Frameworks */,
			);
			buildRules = (
			);
			dependencies = (
			);
			name = DisplayShareCore;
			packageProductDependencies = (
			);
			productName = DisplayShareCore;
			productReference = E1D918B6A34E41BA47C3FD17 /* DisplayShareCore.framework */;
			productType = "com.apple.product-type.framework";
		};
		75296733847BA88E74643E66 /* DisplayShareCoreTests */ = {
			isa = PBXNativeTarget;
			buildConfigurationList = 35E5245010D7919350B383C9 /* Build configuration list for PBXNativeTarget "DisplayShareCoreTests" */;
			buildPhases = (
				F67A13972F5DBE0AFCE6598B /* Sources */,
				6824B43BBDE63BA47C0B2306 /* Frameworks */,
				220D6942626A0ABCE48EFBB7 /* Embed Frameworks */,
			);
			buildRules = (
			);
			dependencies = (
				2EDBDC5C4D94A1BC435CB6F8 /* PBXTargetDependency */,
			);
			name = DisplayShareCoreTests;
			packageProductDependencies = (
			);
			productName = DisplayShareCoreTests;
			productReference = DEC5AFB83A441384144E2DFA /* DisplayShareCoreTests.xctest */;
			productType = "com.apple.product-type.bundle.unit-test";
		};
		DC895683B42D1B3B6AF5CD88 /* DisplayShare */ = {
			isa = PBXNativeTarget;
			buildConfigurationList = D89B53CCA549C72DE2F73C62 /* Build configuration list for PBXNativeTarget "DisplayShare" */;
			buildPhases = (
				1CEB6F999326E8B3F878A7BD /* Sources */,
				E43265F5B1B4BAC7FE144D24 /* Frameworks */,
				5F321B7505A8817435FF4CBD /* Embed Frameworks */,
				ED46D3E4BA9C2D1EE288A830 /* Embed Dependencies */,
			);
			buildRules = (
			);
			dependencies = (
				A3068B8C660B89F2A4B04877 /* PBXTargetDependency */,
				9B7B948322F2E1AF083589EA /* PBXTargetDependency */,
			);
			name = DisplayShare;
			packageProductDependencies = (
			);
			productName = DisplayShare;
			productReference = FA1B0B69621DBEF69E22243A /* DisplayShare.app */;
			productType = "com.apple.product-type.application";
		};
		E4ADC86EA1FA9A5CDB2AFD9C /* dsprobe */ = {
			isa = PBXNativeTarget;
			buildConfigurationList = 4E4D1CCCE224CF15F944A061 /* Build configuration list for PBXNativeTarget "dsprobe" */;
			buildPhases = (
				D8D1D9C73CF6C9DAD202DB71 /* Sources */,
				3ACBC9FED9DABA84C6F763F3 /* Frameworks */,
			);
			buildRules = (
			);
			dependencies = (
				DA9AEAC3D6C103E6382801C9 /* PBXTargetDependency */,
			);
			name = dsprobe;
			packageProductDependencies = (
			);
			productName = dsprobe;
			productReference = D4627F903798A6CE826ABA73 /* dsprobe */;
			productType = "com.apple.product-type.tool";
		};
/* End PBXNativeTarget section */

/* Begin PBXProject section */
		240CDAE9FB1D2815EBBF2BC7 /* Project object */ = {
			isa = PBXProject;
			attributes = {
				BuildIndependentTargetsInParallel = YES;
				LastUpgradeCheck = 1430;
				TargetAttributes = {
					DC895683B42D1B3B6AF5CD88 = {
						ProvisioningStyle = Manual;
					};
				};
			};
			buildConfigurationList = 73200FB9A90BD5625E3181D6 /* Build configuration list for PBXProject "DisplayShare" */;
			developmentRegion = en;
			hasScannedForEncodings = 0;
			knownRegions = (
				Base,
				en,
			);
			mainGroup = 8F6DA1E3C7924A24D3ED2CDC;
			minimizedProjectReferenceProxies = 1;
			preferredProjectObjectVersion = 77;
			productRefGroup = 0751CF8F66D92A193A42AEE9 /* Products */;
			projectDirPath = "";
			projectRoot = "";
			targets = (
				493F0795C8C3A9373F097CA9 /* vd_helper */,
				6CEB66452E137FABF849A584 /* DisplayShareCore */,
				DC895683B42D1B3B6AF5CD88 /* DisplayShare */,
				E4ADC86EA1FA9A5CDB2AFD9C /* dsprobe */,
				75296733847BA88E74643E66 /* DisplayShareCoreTests */,
			);
		};
/* End PBXProject section */

/* Begin PBXSourcesBuildPhase section */
		1CEB6F999326E8B3F878A7BD /* Sources */ = {
			isa = PBXSourcesBuildPhase;
			buildActionMask = 2147483647;
			files = (
				F5E55BA170C9E187C6300174 /* DisplayShareApp.swift in Sources */,
				E01AE605E5EFA57FF0029F2A /* OnboardingView.swift in Sources */,
			);
			runOnlyForDeploymentPostprocessing = 0;
		};
		69063CC4AAC73F997BA08329 /* Sources */ = {
			isa = PBXSourcesBuildPhase;
			buildActionMask = 2147483647;
			files = (
				72AE37F09E9422CA303C32F8 /* AdaptiveBitrate.swift in Sources */,
				800CF1428F4191B0863D5BBE /* CaptureSession.swift in Sources */,
				A3AFDFBB04ADE15D67477635 /* DisplayShareController.swift in Sources */,
				EE75D37ED12C44BCA9D6E7BD /* FrameQueue.swift in Sources */,
				5DC2EAF03A230AB3D347B690 /* H264Encoder.swift in Sources */,
				F0B4E39F1D44621B65EDBBAF /* HelperClient.swift in Sources */,
				A63B4456A924AE3FD0FFD8FD /* HelperProtocol.swift in Sources */,
				9D263B2576CE3F45D75588E8 /* InputEvent.swift in Sources */,
				67012DB12D2BD95FE3C87EEE /* InputEvents.swift in Sources */,
				22224DD5384AEE68C9802010 /* InputInjector.swift in Sources */,
				56969C6631C6A54308D8E9F0 /* JPEGEncoder.swift in Sources */,
				538D6BCFCF9A2FCD29027A70 /* KeyMap.swift in Sources */,
				B7C74BED60A4DA94CAE03606 /* LineSocket.swift in Sources */,
				CDACB64B7233D6266B4B951E /* MJPEGServer.swift in Sources */,
				B572CE2EEDF309AE3ED91702 /* PairingStore.swift in Sources */,
				58225362C3D56AD46027DBB6 /* PermissionMonitor.swift in Sources */,
				F1CA765F00D2BAF74D87543F /* SessionSupervisor.swift in Sources */,
				55FA87C1D1ADD287BFDCA655 /* StreamPipeline.swift in Sources */,
				F4793C68F0B993918D1D9F34 /* UpdateChecker.swift in Sources */,
				95185D1328225EF9757D7BE7 /* ViewerPages.swift in Sources */,
				069FAA8B8BB512B344CA07F7 /* WebSocketServer.swift in Sources */,
				0C4A4EF9F868DCC60F09E1F5 /* WireProtocol.swift in Sources */,
			);
			runOnlyForDeploymentPostprocessing = 0;
		};
		D8D1D9C73CF6C9DAD202DB71 /* Sources */ = {
			isa = PBXSourcesBuildPhase;
			buildActionMask = 2147483647;
			files = (
				815F1C5BBB65A0FE36CEFCAE /* AnimatedContent.swift in Sources */,
				DD962C55C3C38AC2A9AF55A1 /* H264Dump.swift in Sources */,
				25F94343E08722F233CC3FDC /* main.swift in Sources */,
			);
			runOnlyForDeploymentPostprocessing = 0;
		};
		F01B8BF8785167948500B1E0 /* Sources */ = {
			isa = PBXSourcesBuildPhase;
			buildActionMask = 2147483647;
			files = (
				DF0C3D4E25ABBD661C7130B5 /* CGVirtualDisplayPrivate.m in Sources */,
				EDAC79FEC1964E3EE9D71C30 /* HelperProtocol.swift in Sources */,
				319CB72032344F40A050098B /* InputEvent.swift in Sources */,
				8D7CA8D233CA38DDEA5EFCC2 /* LineSocket.swift in Sources */,
				D6BDCE176CAE22CDD7D51CF2 /* VirtualDisplayHost.swift in Sources */,
				148A1C76D1F9F611D85F2A31 /* WireProtocol.swift in Sources */,
				65A1F628B5ECC64A36C7CC02 /* main.swift in Sources */,
			);
			runOnlyForDeploymentPostprocessing = 0;
		};
		F67A13972F5DBE0AFCE6598B /* Sources */ = {
			isa = PBXSourcesBuildPhase;
			buildActionMask = 2147483647;
			files = (
				43CB1BEE6705C4EE3E07615C /* AdaptiveBitrateTests.swift in Sources */,
				191265899BC41B51512B4D4F /* FrameQueueTests.swift in Sources */,
				353310699F054EBAAE28F19F /* KeyMapTests.swift in Sources */,
				C886076BB57BF783619BB16E /* PairingStoreTests.swift in Sources */,
				342105D72755EF7378622B66 /* RelativePointerTests.swift in Sources */,
				7F45C79AE031ECE5BACBE5A3 /* UpdateCheckerTests.swift in Sources */,
				0047535A21D69D283EF6C622 /* WireProtocolTests.swift in Sources */,
			);
			runOnlyForDeploymentPostprocessing = 0;
		};
/* End PBXSourcesBuildPhase section */

/* Begin PBXTargetDependency section */
		2EDBDC5C4D94A1BC435CB6F8 /* PBXTargetDependency */ = {
			isa = PBXTargetDependency;
			target = 6CEB66452E137FABF849A584 /* DisplayShareCore */;
			targetProxy = CCBF5DFEE23918E9F828761B /* PBXContainerItemProxy */;
		};
		9B7B948322F2E1AF083589EA /* PBXTargetDependency */ = {
			isa = PBXTargetDependency;
			target = 493F0795C8C3A9373F097CA9 /* vd_helper */;
			targetProxy = 6681B2B7838B3BD2113C05E5 /* PBXContainerItemProxy */;
		};
		A3068B8C660B89F2A4B04877 /* PBXTargetDependency */ = {
			isa = PBXTargetDependency;
			target = 6CEB66452E137FABF849A584 /* DisplayShareCore */;
			targetProxy = 23FC0AEA18DF0F30BB3BA38A /* PBXContainerItemProxy */;
		};
		DA9AEAC3D6C103E6382801C9 /* PBXTargetDependency */ = {
			isa = PBXTargetDependency;
			target = 6CEB66452E137FABF849A584 /* DisplayShareCore */;
			targetProxy = 92A26E8921F5930061455F92 /* PBXContainerItemProxy */;
		};
/* End PBXTargetDependency section */

/* Begin XCBuildConfiguration section */
		155C76FE69DD3E3FB9331BB2 /* Debug */ = {
			isa = XCBuildConfiguration;
			buildSettings = {
				ASSETCATALOG_COMPILER_APPICON_NAME = AppIcon;
				CODE_SIGN_ENTITLEMENTS = DisplayShare/DisplayShare.entitlements;
				CODE_SIGN_STYLE = Manual;
				COMBINE_HIDPI_IMAGES = YES;
				ENABLE_HARDENED_RUNTIME = YES;
				INFOPLIST_FILE = DisplayShare/Info.plist;
				LD_RUNPATH_SEARCH_PATHS = "$(inherited) @executable_path/../Frameworks";
				PRODUCT_BUNDLE_IDENTIFIER = in.theboringpeople.displayshare;
				SDKROOT = macosx;
			};
			name = Debug;
		};
		29B443D40F7A74D41814E757 /* Release */ = {
			isa = XCBuildConfiguration;
			buildSettings = {
				ASSETCATALOG_COMPILER_APPICON_NAME = AppIcon;
				CODE_SIGN_ENTITLEMENTS = DisplayShare/DisplayShare.entitlements;
				CODE_SIGN_STYLE = Manual;
				COMBINE_HIDPI_IMAGES = YES;
				ENABLE_HARDENED_RUNTIME = YES;
				INFOPLIST_FILE = DisplayShare/Info.plist;
				LD_RUNPATH_SEARCH_PATHS = "$(inherited) @executable_path/../Frameworks";
				PRODUCT_BUNDLE_IDENTIFIER = in.theboringpeople.displayshare;
				SDKROOT = macosx;
			};
			name = Release;
		};
		317661CE9462BC017D4963D6 /* Debug */ = {
			isa = XCBuildConfiguration;
			buildSettings = {
				CODE_SIGN_IDENTITY = "";
				COMBINE_HIDPI_IMAGES = YES;
				CURRENT_PROJECT_VERSION = 1;
				DEFINES_MODULE = YES;
				DYLIB_COMPATIBILITY_VERSION = 1;
				DYLIB_CURRENT_VERSION = 1;
				DYLIB_INSTALL_NAME_BASE = "@rpath";
				GENERATE_INFOPLIST_FILE = YES;
				INSTALL_PATH = "$(LOCAL_LIBRARY_DIR)/Frameworks";
				LD_RUNPATH_SEARCH_PATHS = (
					"$(inherited)",
					"@executable_path/../Frameworks",
				);
				PRODUCT_BUNDLE_IDENTIFIER = in.theboringpeople.displayshare.core;
				SDKROOT = macosx;
				SKIP_INSTALL = YES;
				VERSIONING_SYSTEM = "apple-generic";
			};
			name = Debug;
		};
		5470963FC9AEF0B534C17033 /* Debug */ = {
			isa = XCBuildConfiguration;
			buildSettings = {
				COMBINE_HIDPI_IMAGES = YES;
				LD_RUNPATH_SEARCH_PATHS = "$(inherited) @executable_path";
				PRODUCT_BUNDLE_IDENTIFIER = in.theboringpeople.displayshare.dsprobe;
				SDKROOT = macosx;
			};
			name = Debug;
		};
		5EAE4CA669F324A4926D3A77 /* Release */ = {
			isa = XCBuildConfiguration;
			buildSettings = {
				COMBINE_HIDPI_IMAGES = YES;
				LD_RUNPATH_SEARCH_PATHS = "$(inherited) @executable_path";
				PRODUCT_BUNDLE_IDENTIFIER = in.theboringpeople.displayshare.dsprobe;
				SDKROOT = macosx;
			};
			name = Release;
		};
		5ED016186106BFC788C781A6 /* Debug */ = {
			isa = XCBuildConfiguration;
			buildSettings = {
				COMBINE_HIDPI_IMAGES = YES;
				LD_RUNPATH_SEARCH_PATHS = (
					"$(inherited)",
					"@executable_path/../Frameworks",
				);
				PRODUCT_BUNDLE_IDENTIFIER = "in.theboringpeople.displayshare.vd-helper";
				PRODUCT_NAME = vd_helper;
				SDKROOT = macosx;
				SWIFT_INCLUDE_PATHS = "$(SRCROOT)/CGVirtualDisplayPrivate/include";
				SWIFT_OBJC_INTERFACE_HEADER_NAME = "vd_helper-Swift.h";
			};
			name = Debug;
		};
		70A105BF7846D72F9F0F4A85 /* Debug */ = {
			isa = XCBuildConfiguration;
			buildSettings = {
				BUNDLE_LOADER = "$(TEST_HOST)";
				COMBINE_HIDPI_IMAGES = YES;
				GENERATE_INFOPLIST_FILE = YES;
				LD_RUNPATH_SEARCH_PATHS = (
					"$(inherited)",
					"@executable_path/../Frameworks",
					"@loader_path/../Frameworks",
				);
				PRODUCT_BUNDLE_IDENTIFIER = in.theboringpeople.displayshare.core.tests;
				SDKROOT = macosx;
			};
			name = Debug;
		};
		8959327587A8515E0C0863E6 /* Debug */ = {
			isa = XCBuildConfiguration;
			buildSettings = {
				ALWAYS_SEARCH_USER_PATHS = NO;
				ARCHS = "arm64 x86_64";
				CLANG_ANALYZER_NONNULL = YES;
				CLANG_ANALYZER_NUMBER_OBJECT_CONVERSION = YES_AGGRESSIVE;
				CLANG_CXX_LANGUAGE_STANDARD = "gnu++14";
				CLANG_CXX_LIBRARY = "libc++";
				CLANG_ENABLE_MODULES = YES;
				CLANG_ENABLE_OBJC_ARC = YES;
				CLANG_ENABLE_OBJC_WEAK = YES;
				CLANG_WARN_BLOCK_CAPTURE_AUTORELEASING = YES;
				CLANG_WARN_BOOL_CONVERSION = YES;
				CLANG_WARN_COMMA = YES;
				CLANG_WARN_CONSTANT_CONVERSION = YES;
				CLANG_WARN_DEPRECATED_OBJC_IMPLEMENTATIONS = YES;
				CLANG_WARN_DIRECT_OBJC_ISA_USAGE = YES_ERROR;
				CLANG_WARN_DOCUMENTATION_COMMENTS = YES;
				CLANG_WARN_EMPTY_BODY = YES;
				CLANG_WARN_ENUM_CONVERSION = YES;
				CLANG_WARN_INFINITE_RECURSION = YES;
				CLANG_WARN_INT_CONVERSION = YES;
				CLANG_WARN_NON_LITERAL_NULL_CONVERSION = YES;
				CLANG_WARN_OBJC_IMPLICIT_RETAIN_SELF = YES;
				CLANG_WARN_OBJC_LITERAL_CONVERSION = YES;
				CLANG_WARN_OBJC_ROOT_CLASS = YES_ERROR;
				CLANG_WARN_QUOTED_INCLUDE_IN_FRAMEWORK_HEADER = YES;
				CLANG_WARN_RANGE_LOOP_ANALYSIS = YES;
				CLANG_WARN_STRICT_PROTOTYPES = YES;
				CLANG_WARN_SUSPICIOUS_MOVE = YES;
				CLANG_WARN_UNGUARDED_AVAILABILITY = YES_AGGRESSIVE;
				CLANG_WARN_UNREACHABLE_CODE = YES;
				CLANG_WARN__DUPLICATE_METHOD_MATCH = YES;
				COPY_PHASE_STRIP = NO;
				CURRENT_PROJECT_VERSION = 1;
				DEAD_CODE_STRIPPING = YES;
				DEBUG_INFORMATION_FORMAT = dwarf;
				ENABLE_STRICT_OBJC_MSGSEND = YES;
				ENABLE_TESTABILITY = YES;
				GCC_C_LANGUAGE_STANDARD = gnu11;
				GCC_DYNAMIC_NO_PIC = NO;
				GCC_NO_COMMON_BLOCKS = YES;
				GCC_OPTIMIZATION_LEVEL = 0;
				GCC_PREPROCESSOR_DEFINITIONS = (
					"$(inherited)",
					"DEBUG=1",
				);
				GCC_WARN_64_TO_32_BIT_CONVERSION = YES;
				GCC_WARN_ABOUT_RETURN_TYPE = YES_ERROR;
				GCC_WARN_UNDECLARED_SELECTOR = YES;
				GCC_WARN_UNINITIALIZED_AUTOS = YES_AGGRESSIVE;
				GCC_WARN_UNUSED_FUNCTION = YES;
				GCC_WARN_UNUSED_VARIABLE = YES;
				MACOSX_DEPLOYMENT_TARGET = 14.0;
				MARKETING_VERSION = 0.2.1;
				MTL_ENABLE_DEBUG_INFO = INCLUDE_SOURCE;
				MTL_FAST_MATH = YES;
				ONLY_ACTIVE_ARCH = NO;
				PRODUCT_NAME = "$(TARGET_NAME)";
				SDKROOT = macosx;
				SWIFT_ACTIVE_COMPILATION_CONDITIONS = DEBUG;
				SWIFT_OPTIMIZATION_LEVEL = "-Onone";
				SWIFT_VERSION = 6.0;
			};
			name = Debug;
		};
		9394C64FFD79114B715F6B92 /* Release */ = {
			isa = XCBuildConfiguration;
			buildSettings = {
				BUNDLE_LOADER = "$(TEST_HOST)";
				COMBINE_HIDPI_IMAGES = YES;
				GENERATE_INFOPLIST_FILE = YES;
				LD_RUNPATH_SEARCH_PATHS = (
					"$(inherited)",
					"@executable_path/../Frameworks",
					"@loader_path/../Frameworks",
				);
				PRODUCT_BUNDLE_IDENTIFIER = in.theboringpeople.displayshare.core.tests;
				SDKROOT = macosx;
			};
			name = Release;
		};
		99125A3D105522A5C0353B33 /* Release */ = {
			isa = XCBuildConfiguration;
			buildSettings = {
				COMBINE_HIDPI_IMAGES = YES;
				LD_RUNPATH_SEARCH_PATHS = (
					"$(inherited)",
					"@executable_path/../Frameworks",
				);
				PRODUCT_BUNDLE_IDENTIFIER = "in.theboringpeople.displayshare.vd-helper";
				PRODUCT_NAME = vd_helper;
				SDKROOT = macosx;
				SWIFT_INCLUDE_PATHS = "$(SRCROOT)/CGVirtualDisplayPrivate/include";
				SWIFT_OBJC_INTERFACE_HEADER_NAME = "vd_helper-Swift.h";
			};
			name = Release;
		};
		D6FB342E0618A3408A059323 /* Release */ = {
			isa = XCBuildConfiguration;
			buildSettings = {
				CODE_SIGN_IDENTITY = "";
				COMBINE_HIDPI_IMAGES = YES;
				CURRENT_PROJECT_VERSION = 1;
				DEFINES_MODULE = YES;
				DYLIB_COMPATIBILITY_VERSION = 1;
				DYLIB_CURRENT_VERSION = 1;
				DYLIB_INSTALL_NAME_BASE = "@rpath";
				GENERATE_INFOPLIST_FILE = YES;
				INSTALL_PATH = "$(LOCAL_LIBRARY_DIR)/Frameworks";
				LD_RUNPATH_SEARCH_PATHS = (
					"$(inherited)",
					"@executable_path/../Frameworks",
				);
				PRODUCT_BUNDLE_IDENTIFIER = in.theboringpeople.displayshare.core;
				SDKROOT = macosx;
				SKIP_INSTALL = YES;
				VERSIONING_SYSTEM = "apple-generic";
			};
			name = Release;
		};
		F7AEDEA030F828699A5577E9 /* Release */ = {
			isa = XCBuildConfiguration;
			buildSettings = {
				ALWAYS_SEARCH_USER_PATHS = NO;
				ARCHS = "arm64 x86_64";
				CLANG_ANALYZER_NONNULL = YES;
				CLANG_ANALYZER_NUMBER_OBJECT_CONVERSION = YES_AGGRESSIVE;
				CLANG_CXX_LANGUAGE_STANDARD = "gnu++14";
				CLANG_CXX_LIBRARY = "libc++";
				CLANG_ENABLE_MODULES = YES;
				CLANG_ENABLE_OBJC_ARC = YES;
				CLANG_ENABLE_OBJC_WEAK = YES;
				CLANG_WARN_BLOCK_CAPTURE_AUTORELEASING = YES;
				CLANG_WARN_BOOL_CONVERSION = YES;
				CLANG_WARN_COMMA = YES;
				CLANG_WARN_CONSTANT_CONVERSION = YES;
				CLANG_WARN_DEPRECATED_OBJC_IMPLEMENTATIONS = YES;
				CLANG_WARN_DIRECT_OBJC_ISA_USAGE = YES_ERROR;
				CLANG_WARN_DOCUMENTATION_COMMENTS = YES;
				CLANG_WARN_EMPTY_BODY = YES;
				CLANG_WARN_ENUM_CONVERSION = YES;
				CLANG_WARN_INFINITE_RECURSION = YES;
				CLANG_WARN_INT_CONVERSION = YES;
				CLANG_WARN_NON_LITERAL_NULL_CONVERSION = YES;
				CLANG_WARN_OBJC_IMPLICIT_RETAIN_SELF = YES;
				CLANG_WARN_OBJC_LITERAL_CONVERSION = YES;
				CLANG_WARN_OBJC_ROOT_CLASS = YES_ERROR;
				CLANG_WARN_QUOTED_INCLUDE_IN_FRAMEWORK_HEADER = YES;
				CLANG_WARN_RANGE_LOOP_ANALYSIS = YES;
				CLANG_WARN_STRICT_PROTOTYPES = YES;
				CLANG_WARN_SUSPICIOUS_MOVE = YES;
				CLANG_WARN_UNGUARDED_AVAILABILITY = YES_AGGRESSIVE;
				CLANG_WARN_UNREACHABLE_CODE = YES;
				CLANG_WARN__DUPLICATE_METHOD_MATCH = YES;
				COPY_PHASE_STRIP = NO;
				CURRENT_PROJECT_VERSION = 1;
				DEAD_CODE_STRIPPING = YES;
				DEBUG_INFORMATION_FORMAT = "dwarf-with-dsym";
				ENABLE_NS_ASSERTIONS = NO;
				ENABLE_STRICT_OBJC_MSGSEND = YES;
				GCC_C_LANGUAGE_STANDARD = gnu11;
				GCC_NO_COMMON_BLOCKS = YES;
				GCC_WARN_64_TO_32_BIT_CONVERSION = YES;
				GCC_WARN_ABOUT_RETURN_TYPE = YES_ERROR;
				GCC_WARN_UNDECLARED_SELECTOR = YES;
				GCC_WARN_UNINITIALIZED_AUTOS = YES_AGGRESSIVE;
				GCC_WARN_UNUSED_FUNCTION = YES;
				GCC_WARN_UNUSED_VARIABLE = YES;
				MACOSX_DEPLOYMENT_TARGET = 14.0;
				MARKETING_VERSION = 0.2.1;
				MTL_ENABLE_DEBUG_INFO = NO;
				MTL_FAST_MATH = YES;
				ONLY_ACTIVE_ARCH = NO;
				PRODUCT_NAME = "$(TARGET_NAME)";
				SDKROOT = macosx;
				SWIFT_COMPILATION_MODE = wholemodule;
				SWIFT_OPTIMIZATION_LEVEL = "-O";
				SWIFT_VERSION = 6.0;
			};
			name = Release;
		};
/* End XCBuildConfiguration section */

/* Begin XCConfigurationList section */
		35E5245010D7919350B383C9 /* Build configuration list for PBXNativeTarget "DisplayShareCoreTests" */ = {
			isa = XCConfigurationList;
			buildConfigurations = (
				70A105BF7846D72F9F0F4A85 /* Debug */,
				9394C64FFD79114B715F6B92 /* Release */,
			);
			defaultConfigurationIsVisible = 0;
			defaultConfigurationName = Debug;
		};
		4E4D1CCCE224CF15F944A061 /* Build configuration list for PBXNativeTarget "dsprobe" */ = {
			isa = XCConfigurationList;
			buildConfigurations = (
				5470963FC9AEF0B534C17033 /* Debug */,
				5EAE4CA669F324A4926D3A77 /* Release */,
			);
			defaultConfigurationIsVisible = 0;
			defaultConfigurationName = Debug;
		};
		73200FB9A90BD5625E3181D6 /* Build configuration list for PBXProject "DisplayShare" */ = {
			isa = XCConfigurationList;
			buildConfigurations = (
				8959327587A8515E0C0863E6 /* Debug */,
				F7AEDEA030F828699A5577E9 /* Release */,
			);
			defaultConfigurationIsVisible = 0;
			defaultConfigurationName = Debug;
		};
		8317445BAC4BF5FC8DB16A08 /* Build configuration list for PBXNativeTarget "vd_helper" */ = {
			isa = XCConfigurationList;
			buildConfigurations = (
				5ED016186106BFC788C781A6 /* Debug */,
				99125A3D105522A5C0353B33 /* Release */,
			);
			defaultConfigurationIsVisible = 0;
			defaultConfigurationName = Debug;
		};
		AA0447A1519E222F5B1D467D /* Build configuration list for PBXNativeTarget "DisplayShareCore" */ = {
			isa = XCConfigurationList;
			buildConfigurations = (
				317661CE9462BC017D4963D6 /* Debug */,
				D6FB342E0618A3408A059323 /* Release */,
			);
			defaultConfigurationIsVisible = 0;
			defaultConfigurationName = Debug;
		};
		D89B53CCA549C72DE2F73C62 /* Build configuration list for PBXNativeTarget "DisplayShare" */ = {
			isa = XCConfigurationList;
			buildConfigurations = (
				155C76FE69DD3E3FB9331BB2 /* Debug */,
				29B443D40F7A74D41814E757 /* Release */,
			);
			defaultConfigurationIsVisible = 0;
			defaultConfigurationName = Debug;
		};
/* End XCConfigurationList section */
	};
	rootObject = 240CDAE9FB1D2815EBBF2BC7 /* Project object */;
}
